{
    "_readme": [
        "This file locks the dependencies of your project to a known state",
        "Read more about it at https://getcomposer.org/doc/01-basic-usage.md#composer-lock-the-lock-file",
        "This file is @generated automatically"
    ],
    "hash": "c9cdb8eed6d935a2da76b5eea61f5827",
    "packages": [
        {
            "name": "bower-asset/bootstrap",
            "version": "v3.3.5",
            "source": {
                "type": "git",
                "url": "https://github.com/twbs/bootstrap.git",
                "reference": "16b48259a62f576e52c903c476bd42b90ab22482"
            },
            "dist": {
                "type": "zip",
                "url": "https://api.github.com/repos/twbs/bootstrap/zipball/16b48259a62f576e52c903c476bd42b90ab22482",
                "reference": "16b48259a62f576e52c903c476bd42b90ab22482",
                "shasum": ""
            },
            "require": {
                "bower-asset/jquery": ">=1.9.1"
            },
            "type": "bower-asset-library",
            "extra": {
                "bower-asset-main": [
                    "less/bootstrap.less",
                    "dist/js/bootstrap.js"
                ],
                "bower-asset-ignore": [
                    "/.*",
                    "_config.yml",
                    "CNAME",
                    "composer.json",
                    "CONTRIBUTING.md",
                    "docs",
                    "js/tests",
                    "test-infra"
                ]
            },
            "license": [
                "MIT"
            ],
            "description": "The most popular front-end framework for developing responsive, mobile first projects on the web.",
            "keywords": [
                "css",
                "framework",
                "front-end",
                "js",
                "less",
                "mobile-first",
                "responsive",
                "web"
            ]
        },
        {
            "name": "bower-asset/bootstrap-social",
            "version": "4.8.0",
            "source": {
                "type": "git",
                "url": "https://github.com/lipis/bootstrap-social.git",
                "reference": "918fc55c3c938377a7618ec0f115846e50d4b883"
            },
            "dist": {
                "type": "zip",
                "url": "https://api.github.com/repos/lipis/bootstrap-social/zipball/918fc55c3c938377a7618ec0f115846e50d4b883",
                "reference": "918fc55c3c938377a7618ec0f115846e50d4b883",
                "shasum": ""
            },
            "require": {
                "bower-asset/bootstrap": "~3",
                "bower-asset/font-awesome": "~4.2"
            },
            "type": "bower-asset-library",
            "extra": {
                "bower-asset-main": "bootstrap-social.css",
                "bower-asset-ignore": [
                    "assets",
                    "index.html",
                    "LICENCE"
                ]
            }
        },
        {
            "name": "bower-asset/datatables",
            "version": "1.10.7",
            "source": {
                "type": "git",
                "url": "https://github.com/DataTables/DataTables.git",
                "reference": "fc64e71e1cee289da199982d3196b7e43afc0e52"
            },
            "dist": {
                "type": "zip",
                "url": "https://api.github.com/repos/DataTables/DataTables/zipball/fc64e71e1cee289da199982d3196b7e43afc0e52",
                "reference": "fc64e71e1cee289da199982d3196b7e43afc0e52",
                "shasum": ""
            },
            "require": {
                "bower-asset/jquery": ">=1.7.0"
            },
            "type": "bower-asset-library",
            "extra": {
                "bower-asset-main": [
                    "media/js/jquery.dataTables.js",
                    "media/css/jquery.dataTables.css",
                    "media/images/sort_asc.png",
                    "media/images/sort_asc_disabled.png",
                    "media/images/sort_both.png",
                    "media/images/sort_desc.png",
                    "media/images/sort_desc_disabled.png"
                ],
                "bower-asset-ignore": [
                    "/.*",
                    "examples",
                    "media/unit_testing",
                    "composer.json",
                    "dataTables.jquery.json",
                    "package.json"
                ]
            },
            "license": [
                "MIT"
            ],
            "keywords": [
                "datatables",
                "javascript",
                "jquery",
                "library",
                "table"
            ]
        },
        {
            "name": "bower-asset/datatables-plugins",
            "version": "1.0.1",
            "source": {
                "type": "git",
                "url": "https://github.com/DataTables/Plugins.git",
                "reference": "3cfcc339e897c28ae362aad712a6cea67b818aeb"
            },
            "dist": {
                "type": "zip",
                "url": "https://api.github.com/repos/DataTables/Plugins/zipball/3cfcc339e897c28ae362aad712a6cea67b818aeb",
                "reference": "3cfcc339e897c28ae362aad712a6cea67b818aeb",
                "shasum": ""
            },
            "type": "bower-asset-library"
        },
        {
            "name": "bower-asset/datatables-responsive",
            "version": "1.0.6",
            "source": {
                "type": "git",
                "url": "https://github.com/DataTables/Responsive.git",
                "reference": "54f839dbda0a1fecb5a2cd37940f0214cdb1de91"
            },
            "dist": {
                "type": "zip",
                "url": "https://api.github.com/repos/DataTables/Responsive/zipball/54f839dbda0a1fecb5a2cd37940f0214cdb1de91",
                "reference": "54f839dbda0a1fecb5a2cd37940f0214cdb1de91",
                "shasum": ""
            },
            "require": {
                "bower-asset/datatables": ">=1.10.1",
                "bower-asset/jquery": ">=1.7.0"
            },
            "type": "bower-asset-library",
            "extra": {
                "bower-asset-main": [
                    "js/dataTables.responsive.js",
                    "css/dataTables.responsive.css"
                ]
            }
        },
        {
            "name": "bower-asset/flot",
            "version": "v0.8.3",
            "source": {
                "type": "git",
                "url": "https://github.com/flot/flot.git",
                "reference": "453b017cc5acfd75e252b93e8635f57f4196d45d"
            },
            "dist": {
                "type": "zip",
                "url": "https://api.github.com/repos/flot/flot/zipball/453b017cc5acfd75e252b93e8635f57f4196d45d",
                "reference": "453b017cc5acfd75e252b93e8635f57f4196d45d",
                "shasum": ""
            },
            "type": "bower-asset-library"
        },
        {
            "name": "bower-asset/flot.tooltip",
            "version": "0.8.5",
            "source": {
                "type": "git",
                "url": "https://github.com/krzysu/flot.tooltip.git",
                "reference": "e2dbb407ffcf5ece0f2e6ab922b0192b8a6d168e"
            },
            "dist": {
                "type": "zip",
                "url": "https://api.github.com/repos/krzysu/flot.tooltip/zipball/e2dbb407ffcf5ece0f2e6ab922b0192b8a6d168e",
                "reference": "e2dbb407ffcf5ece0f2e6ab922b0192b8a6d168e",
                "shasum": ""
            },
            "type": "bower-asset-library",
            "extra": {
                "bower-asset-main": "js/jquery.flot.tooltip.js",
                "bower-asset-ignore": [
                    ".gitignore",
                    "Gruntfile.js",
                    "README.md",
                    "package.json",
                    "examples",
                    "js/old"
                ]
            },
            "license": [
                "MIT"
            ]
        },
        {
            "name": "bower-asset/font-awesome",
            "version": "v4.2.0",
            "source": {
                "type": "git",
                "url": "https://github.com/FortAwesome/Font-Awesome.git",
                "reference": "a65bd93d81e9e6bd5ebfa41757a4474960b973b4"
            },
            "dist": {
                "type": "zip",
                "url": "https://api.github.com/repos/FortAwesome/Font-Awesome/zipball/a65bd93d81e9e6bd5ebfa41757a4474960b973b4",
                "reference": "a65bd93d81e9e6bd5ebfa41757a4474960b973b4",
                "shasum": ""
            },
            "type": "bower-asset-library",
            "extra": {
                "bower-asset-main": [
                    "./css/font-awesome.css",
                    "./fonts/*"
                ],
                "bower-asset-ignore": [
                    "*/.*",
                    "*.json",
                    "src",
                    "*.yml",
                    "Gemfile",
                    "Gemfile.lock",
                    "*.md"
                ]
            },
            "license": [
                "OFL-1.1",
                "MIT",
                "CC-BY-3.0"
            ],
            "description": "Font Awesome"
        },
        {
            "name": "bower-asset/fontawesome",
            "version": "v4.3.0",
            "source": {
                "type": "git",
                "url": "https://github.com/FortAwesome/Font-Awesome.git",
                "reference": "41b9ed01103e6820c3cb043ba7ddab30ecd3f4c0"
            },
            "dist": {
                "type": "zip",
                "url": "https://api.github.com/repos/FortAwesome/Font-Awesome/zipball/41b9ed01103e6820c3cb043ba7ddab30ecd3f4c0",
                "reference": "41b9ed01103e6820c3cb043ba7ddab30ecd3f4c0",
                "shasum": ""
            },
            "type": "bower-asset-library",
            "extra": {
                "bower-asset-main": [
                    "./css/font-awesome.css",
                    "./fonts/*"
                ],
                "bower-asset-ignore": [
                    "*/.*",
                    "*.json",
                    "src",
                    "*.yml",
                    "Gemfile",
                    "Gemfile.lock",
                    "*.md"
                ]
            },
            "license": [
                "OFL-1.1",
                "MIT",
                "CC-BY-3.0"
            ],
            "description": "Font Awesome"
        },
        {
            "name": "bower-asset/holderjs",
            "version": "v2.4.1",
            "source": {
                "type": "git",
                "url": "https://github.com/imsky/holder.git",
                "reference": "bd2e0be3c5c86afbdef1da092eb72c8ce7d52dce"
            },
            "dist": {
                "type": "zip",
                "url": "https://api.github.com/repos/imsky/holder/zipball/bd2e0be3c5c86afbdef1da092eb72c8ce7d52dce",
                "reference": "bd2e0be3c5c86afbdef1da092eb72c8ce7d52dce",
                "shasum": ""
            },
            "type": "bower-asset-library",
            "extra": {
                "bower-asset-main": "holder.js"
            }
        },
        {
            "name": "bower-asset/jquery",
            "version": "2.1.4",
            "source": {
                "type": "git",
                "url": "https://github.com/jquery/jquery.git",
                "reference": "7751e69b615c6eca6f783a81e292a55725af6b85"
            },
            "dist": {
                "type": "zip",
                "url": "https://api.github.com/repos/jquery/jquery/zipball/7751e69b615c6eca6f783a81e292a55725af6b85",
                "reference": "7751e69b615c6eca6f783a81e292a55725af6b85",
                "shasum": ""
            },
            "require-dev": {
                "bower-asset/qunit": "1.14.0",
                "bower-asset/requirejs": "2.1.10",
                "bower-asset/sinon": "1.8.1",
                "bower-asset/sizzle": "2.1.1-patch2"
            },
            "type": "bower-asset-library",
            "extra": {
                "bower-asset-main": "dist/jquery.js",
                "bower-asset-ignore": [
                    "**/.*",
                    "build",
                    "dist/cdn",
                    "speed",
                    "test",
                    "*.md",
                    "AUTHORS.txt",
                    "Gruntfile.js",
                    "package.json"
                ]
            },
            "license": [
                "MIT"
            ],
            "keywords": [
                "javascript",
                "jquery",
                "library"
            ]
        },
        {
            "name": "bower-asset/jquery.inputmask",
            "version": "3.1.63",
            "source": {
                "type": "git",
                "url": "https://github.com/RobinHerbots/jquery.inputmask.git",
                "reference": "c40c7287eadc31e341ebbf0c02352eb55b9cbc48"
            },
            "dist": {
                "type": "zip",
                "url": "https://api.github.com/repos/RobinHerbots/jquery.inputmask/zipball/c40c7287eadc31e341ebbf0c02352eb55b9cbc48",
                "reference": "c40c7287eadc31e341ebbf0c02352eb55b9cbc48",
                "shasum": ""
            },
            "require": {
                "bower-asset/jquery": ">=1.7"
            },
            "type": "bower-asset-library",
            "extra": {
                "bower-asset-main": [
                    "./dist/inputmask/jquery.inputmask.js",
                    "./dist/inputmask/jquery.inputmask.extensions.js",
                    "./dist/inputmask/jquery.inputmask.date.extensions.js",
                    "./dist/inputmask/jquery.inputmask.numeric.extensions.js",
                    "./dist/inputmask/jquery.inputmask.phone.extensions.js",
                    "./dist/inputmask/jquery.inputmask.regex.extensions.js"
                ],
                "bower-asset-ignore": [
                    "**/.*",
                    "qunit/",
                    "nuget/",
                    "tools/",
                    "js/",
                    "*.md",
                    "build.properties",
                    "build.xml",
                    "jquery.inputmask.jquery.json"
                ]
            },
            "license": [
                "http://opensource.org/licenses/mit-license.php"
            ],
            "description": "jquery.inputmask is a jquery plugin which create an input mask.",
            "keywords": [
                "form",
                "input",
                "inputmask",
                "jquery",
                "mask",
                "plugins"
            ]
        },
        {
            "name": "bower-asset/metisMenu",
            "version": "1.1.3",
            "source": {
                "type": "git",
                "url": "https://github.com/onokumus/metisMenu.git",
                "reference": "8e179d59f60a593203667c092119779dc36f5171"
            },
            "dist": {
                "type": "zip",
                "url": "https://api.github.com/repos/onokumus/metisMenu/zipball/8e179d59f60a593203667c092119779dc36f5171",
                "reference": "8e179d59f60a593203667c092119779dc36f5171",
                "shasum": ""
            },
            "require": {
                "bower-asset/bootstrap": "~3.3.0"
            },
            "type": "bower-asset-library",
            "extra": {
                "bower-asset-main": [
                    "dist/metisMenu.js",
                    "dist/metisMenu.css"
                ],
                "bower-asset-ignore": [
                    "**/.*",
                    "node_modules",
                    "bower_components",
                    "test",
                    "tests"
                ]
            },
            "license": [
                "MIT"
            ],
            "description": "Easy menu jQuery plugin for Twitter Bootstrap 3",
            "keywords": [
                "accordion",
                "bootstrap",
                "jquery",
                "menu",
                "metis",
                "metisMenu",
                "toggle",
                "twbs",
                "twitter"
            ]
        },
        {
            "name": "bower-asset/mocha",
            "version": "1.17.1",
            "source": {
                "type": "git",
                "url": "https://github.com/mochajs/mocha.git",
                "reference": "7fc565ee3e225cb7a66bf39ae9c2c05b346675c1"
            },
            "dist": {
                "type": "zip",
                "url": "https://api.github.com/repos/mochajs/mocha/zipball/7fc565ee3e225cb7a66bf39ae9c2c05b346675c1",
                "reference": "7fc565ee3e225cb7a66bf39ae9c2c05b346675c1",
                "shasum": ""
            },
            "type": "bower-asset-library",
            "extra": {
                "bower-asset-main": "mocha.js",
                "bower-asset-ignore": [
                    "bin",
                    "editors",
                    "images",
                    "lib",
                    "support",
                    "test",
                    ".gitignore",
                    ".npmignore",
                    ".travis.yml",
                    "component.json",
                    "index.js",
                    "Makefile",
                    "package.json"
                ]
            }
        },
        {
            "name": "bower-asset/morrisjs",
            "version": "0.5.1",
            "source": {
                "type": "git",
                "url": "https://github.com/morrisjs/morris.js.git",
                "reference": "d5cf1410eda7055eaf2c7d218d4cb24ec5ed55c8"
            },
            "dist": {
                "type": "zip",
                "url": "https://api.github.com/repos/morrisjs/morris.js/zipball/d5cf1410eda7055eaf2c7d218d4cb24ec5ed55c8",
                "reference": "d5cf1410eda7055eaf2c7d218d4cb24ec5ed55c8",
                "shasum": ""
            },
            "require": {
                "bower-asset/jquery": ">=2.1.0",
                "bower-asset/mocha": "~1.17.1",
                "bower-asset/raphael": ">=2.0"
            },
            "require-dev": {
                "bower-asset/chai": "~1.9.0",
                "bower-asset/chai-jquery": "~1.2.1",
                "bower-asset/mocha": "~1.17.1",
                "bower-asset/morrisjs-sinon-file": "*",
                "bower-asset/sinon-chai": "~2.5.0"
            },
            "type": "bower-asset-library",
            "extra": {
                "bower-asset-main": [
                    "./morris.js",
                    "./morris.css"
                ]
            }
        },
        {
            "name": "bower-asset/punycode",
            "version": "v1.3.2",
            "source": {
                "type": "git",
                "url": "https://github.com/bestiejs/punycode.js.git",
                "reference": "38c8d3131a82567bfef18da09f7f4db68c84f8a3"
            },
            "dist": {
                "type": "zip",
                "url": "https://api.github.com/repos/bestiejs/punycode.js/zipball/38c8d3131a82567bfef18da09f7f4db68c84f8a3",
                "reference": "38c8d3131a82567bfef18da09f7f4db68c84f8a3",
                "shasum": ""
            },
            "type": "bower-asset-library",
            "extra": {
                "bower-asset-main": "punycode.js",
                "bower-asset-ignore": [
                    "coverage",
                    "tests",
                    ".*",
                    "component.json",
                    "Gruntfile.js",
                    "node_modules",
                    "package.json"
                ]
            }
        },
        {
            "name": "bower-asset/raphael",
            "version": "v2.1.4",
            "source": {
                "type": "git",
                "url": "https://github.com/DmitryBaranovskiy/raphael.git",
                "reference": "a29d980d1f6b0aed9a0f18d751a76e862f5fbc4f"
            },
            "dist": {
                "type": "zip",
                "url": "https://api.github.com/repos/DmitryBaranovskiy/raphael/zipball/a29d980d1f6b0aed9a0f18d751a76e862f5fbc4f",
                "reference": "a29d980d1f6b0aed9a0f18d751a76e862f5fbc4f",
                "shasum": ""
            },
            "type": "bower-asset-library",
            "extra": {
                "bower-asset-main": "raphael.js",
                "bower-asset-ignore": [
                    "eve",
                    "**/.*",
                    "*.html",
                    "*.json",
                    "*.markdown",
                    "*.md",
                    "copy.js",
                    "Gruntfile.js",
                    "raphael.core.js",
                    "raphael.svg.js",
                    "raphael.vml.js",
                    "reference.js"
                ]
            }
        },
        {
            "name": "bower-asset/startbootstrap-sb-admin-2",
            "version": "dev-master",
            "source": {
                "type": "git",
                "url": "https://github.com/IronSummitMedia/startbootstrap-sb-admin-2.git",
                "reference": "a964f4b89cb60115301ca18c051a7cd143ad8e9a"
            },
            "dist": {
                "type": "zip",
                "url": "https://api.github.com/repos/IronSummitMedia/startbootstrap-sb-admin-2/zipball/a964f4b89cb60115301ca18c051a7cd143ad8e9a",
                "reference": "a964f4b89cb60115301ca18c051a7cd143ad8e9a",
                "shasum": ""
            },
            "require": {
                "bower-asset/bootstrap": "~3.3.1",
                "bower-asset/bootstrap-social": "~4.8.0",
                "bower-asset/datatables": "~1.10.4",
                "bower-asset/datatables-plugins": "~1.0.1",
                "bower-asset/datatables-responsive": "~1.0.3",
                "bower-asset/flot": "~0.8.3",
                "bower-asset/flot.tooltip": "~0.8.4",
                "bower-asset/font-awesome": "~4.2.0",
                "bower-asset/holderjs": "~2.4.1",
                "bower-asset/metismenu": "~1.1.3",
                "bower-asset/morrisjs": "~0.5.1"
            },
            "type": "bower-asset-library",
            "extra": {
                "bower-asset-main": [
                    "dist/css/sb-admin-2.css",
                    "dist/js/sb-admin-2.js"
                ],
                "bower-asset-ignore": [
                    "**/.*",
                    "node_modules",
                    "bower_components",
                    "test",
                    "tests",
                    "pages",
                    "index.html",
                    "/js"
                ]
            },
            "license": [
                "Apache"
            ],
            "description": "A free, open source, Bootstrap admin theme created by Start Bootstrap",
            "keywords": [
                "bootstrap",
                "theme"
            ],
            "time": "2015-02-10 01:55:54"
        },
        {
            "name": "bower-asset/yii2-pjax",
            "version": "dev-master",
            "source": {
                "type": "git",
                "url": "https://github.com/yiisoft/jquery-pjax.git",
                "reference": "3f20897307cca046fca5323b318475ae9dac0ca0"
            },
            "dist": {
                "type": "zip",
                "url": "https://api.github.com/repos/yiisoft/jquery-pjax/zipball/3f20897307cca046fca5323b318475ae9dac0ca0",
                "reference": "3f20897307cca046fca5323b318475ae9dac0ca0",
                "shasum": ""
            },
            "require": {
                "bower-asset/jquery": ">=1.8"
            },
            "type": "bower-asset-library",
            "extra": {
                "bower-asset-main": "./jquery.pjax.js",
                "bower-asset-ignore": [
                    ".travis.yml",
                    "Gemfile",
                    "Gemfile.lock",
                    "vendor/",
                    "script/",
                    "test/"
                ],
                "branch-alias": {
                    "dev-master": "2.0.3-dev"
                }
            },
            "license": [
                "MIT"
            ],
            "time": "2015-03-08 21:03:11"
        },
        {
            "name": "cebe/markdown",
            "version": "dev-master",
            "source": {
                "type": "git",
                "url": "https://github.com/cebe/markdown.git",
                "reference": "e14d3da8f84eefa3792fd22b5b5ecba9c98d2e18"
            },
            "dist": {
                "type": "zip",
                "url": "https://api.github.com/repos/cebe/markdown/zipball/e14d3da8f84eefa3792fd22b5b5ecba9c98d2e18",
                "reference": "e14d3da8f84eefa3792fd22b5b5ecba9c98d2e18",
                "shasum": ""
            },
            "require": {
                "lib-pcre": "*",
                "php": ">=5.4.0"
            },
            "require-dev": {
                "cebe/indent": "*",
                "facebook/xhprof": "*@dev",
                "phpunit/phpunit": "4.1.*"
            },
            "bin": [
                "bin/markdown"
            ],
            "type": "library",
            "extra": {
                "branch-alias": {
                    "dev-master": "1.1.x-dev"
                }
            },
            "autoload": {
                "psr-4": {
                    "cebe\\markdown\\": ""
                }
            },
            "notification-url": "https://packagist.org/downloads/",
            "license": [
                "MIT"
            ],
            "authors": [
                {
                    "name": "Carsten Brandt",
                    "email": "mail@cebe.cc",
                    "homepage": "http://cebe.cc/",
                    "role": "Creator"
                }
            ],
            "description": "A super fast, highly extensible markdown parser for PHP",
            "homepage": "https://github.com/cebe/markdown#readme",
            "keywords": [
                "extensible",
                "fast",
                "gfm",
                "markdown",
                "markdown-extra"
            ],
            "time": "2015-03-20 11:07:08"
        },
        {
            "name": "ezyang/htmlpurifier",
            "version": "v4.6.0",
            "source": {
                "type": "git",
                "url": "https://github.com/ezyang/htmlpurifier.git",
                "reference": "6f389f0f25b90d0b495308efcfa073981177f0fd"
            },
            "dist": {
                "type": "zip",
                "url": "https://api.github.com/repos/ezyang/htmlpurifier/zipball/6f389f0f25b90d0b495308efcfa073981177f0fd",
                "reference": "6f389f0f25b90d0b495308efcfa073981177f0fd",
                "shasum": ""
            },
            "require": {
                "php": ">=5.2"
            },
            "type": "library",
            "autoload": {
                "psr-0": {
                    "HTMLPurifier": "library/"
                },
                "files": [
                    "library/HTMLPurifier.composer.php"
                ]
            },
            "notification-url": "https://packagist.org/downloads/",
            "license": [
                "LGPL"
            ],
            "authors": [
                {
                    "name": "Edward Z. Yang",
                    "email": "admin@htmlpurifier.org",
                    "homepage": "http://ezyang.com"
                }
            ],
            "description": "Standards compliant HTML filter written in PHP",
            "homepage": "http://htmlpurifier.org/",
            "keywords": [
                "html"
            ],
            "time": "2013-11-30 08:25:19"
        },
        {
            "name": "nullref/yii2-core",
            "version": "dev-master",
            "source": {
                "type": "git",
                "url": "https://github.com/NullRefExcep/yii2-core.git",
                "reference": "f675952887b6c7742132c3d5b14c2474679de1d2"
            },
            "dist": {
                "type": "zip",
                "url": "https://api.github.com/repos/NullRefExcep/yii2-core/zipball/f675952887b6c7742132c3d5b14c2474679de1d2",
                "reference": "f675952887b6c7742132c3d5b14c2474679de1d2",
                "shasum": ""
            },
            "require": {
                "php": ">=5.4.0",
                "voskobovich/yii2-many-many-behavior": "dev-master",
                "yiisoft/yii2": ">=2.0.4"
            },
            "type": "yii2-extension",
            "extra": {
                "bootstrap": "nullref\\core\\Bootstrap"
            },
            "autoload": {
                "psr-4": {
                    "nullref\\core\\": "src/"
                }
            },
            "notification-url": "https://packagist.org/downloads/",
            "license": [
                "MIT"
            ],
            "time": "2015-08-03 11:17:30"
        },
        {
            "name": "nullref/yii2-sb-admin-2",
            "version": "dev-master",
            "source": {
                "type": "git",
                "url": "https://github.com/NullRefExcep/yii2-sb-admin-2.git",
                "reference": "b1722b68256de1df0960e6aed3e52a4941119001"
            },
            "dist": {
                "type": "zip",
                "url": "https://api.github.com/repos/NullRefExcep/yii2-sb-admin-2/zipball/b1722b68256de1df0960e6aed3e52a4941119001",
                "reference": "b1722b68256de1df0960e6aed3e52a4941119001",
                "shasum": ""
            },
            "require": {
                "bower-asset/startbootstrap-sb-admin-2": "dev-master",
                "rmrevin/yii2-fontawesome": ">=2.10.0",
                "yiisoft/yii2": ">=2.0.4",
                "yiisoft/yii2-bootstrap": "*"
            },
            "type": "yii2-extension",
            "autoload": {
                "psr-4": {
                    "nullref\\sbadmin\\": "src/"
                }
            },
            "notification-url": "https://packagist.org/downloads/",
            "license": [
                "MIT"
            ],
            "authors": [
                {
                    "name": "Dmytro Karpovych",
                    "email": "zayec77@gmail.com"
                }
            ],
            "description": "Collection of asset bundles and other stuff for SB Admin theme",
            "keywords": [
                "extension",
                "yii2"
            ],
            "time": "2015-07-08 21:03:54"
        },
        {
            "name": "nullref/yii2-useful",
            "version": "dev-master",
            "source": {
                "type": "git",
                "url": "https://github.com/NullRefExcep/yii2-useful.git",
                "reference": "c5a88c1513e7e46cc6a23992f888f3428864b923"
            },
            "dist": {
                "type": "zip",
                "url": "https://api.github.com/repos/NullRefExcep/yii2-useful/zipball/c5a88c1513e7e46cc6a23992f888f3428864b923",
                "reference": "c5a88c1513e7e46cc6a23992f888f3428864b923",
                "shasum": ""
            },
            "require": {
                "php": ">=5.4.0",
                "yiisoft/yii2": ">=2.0.0"
            },
            "type": "yii2-extension",
            "autoload": {
                "psr-4": {
                    "nullref\\useful\\": "src/"
                }
            },
            "notification-url": "https://packagist.org/downloads/",
            "license": [
                "MIT"
            ],
            "authors": [
                {
                    "name": "Dmytro Karpovych",
                    "email": "zayec77@gmail.com",
                    "homepage": "https://github.com/ZAYEC77"
                },
                {
                    "name": "Serhiy Vinichuk",
                    "email": "serhiyvinichuk@gmail.com",
                    "homepage": "https://github.com/serhiyvinichuk"
                }
            ],
            "description": "Useful things for Yii2",
            "homepage": "https://github.com/NullRefExcep/yii2-common-behaviors",
            "keywords": [
                "Behavior",
                "framework",
                "yii2"
            ],
            "time": "2015-06-26 23:06:03"
        },
        {
            "name": "rmrevin/yii2-fontawesome",
            "version": "dev-master",
            "source": {
                "type": "git",
                "url": "https://github.com/rmrevin/yii2-fontawesome.git",
                "reference": "03eb1d8b2ac5048fb67151d5a3e990019aacca0c"
            },
            "dist": {
                "type": "zip",
                "url": "https://api.github.com/repos/rmrevin/yii2-fontawesome/zipball/03eb1d8b2ac5048fb67151d5a3e990019aacca0c",
                "reference": "03eb1d8b2ac5048fb67151d5a3e990019aacca0c",
                "shasum": ""
            },
            "require": {
                "bower-asset/fontawesome": "4.3.*",
                "php": ">=5.4.0",
                "yiisoft/yii2": "2.0.*"
            },
            "type": "yii2-extension",
            "extra": {
                "asset-installer-paths": {
                    "npm-asset-library": "vendor/npm",
                    "bower-asset-library": "vendor/bower"
                }
            },
            "autoload": {
                "psr-4": {
                    "rmrevin\\yii\\fontawesome\\": ""
                }
            },
            "notification-url": "https://packagist.org/downloads/",
            "license": [
                "MIT"
            ],
            "authors": [
                {
                    "name": "Roman Revin",
                    "email": "xgismox@gmail.com",
                    "homepage": "http://rmrevin.ru/"
                }
            ],
            "description": "Asset Bundle for Yii2 with Font Awesome",
            "keywords": [
                "asset",
                "awesome",
                "bundle",
                "font",
                "yii"
            ],
            "time": "2015-06-29 10:09:27"
        },
        {
            "name": "voskobovich/yii2-many-many-behavior",
            "version": "dev-master",
            "source": {
                "type": "git",
                "url": "https://github.com/voskobovich/ManyToManyBehavior.git",
                "reference": "31734c25185a977b708afb441068a73bc804fea2"
            },
            "dist": {
                "type": "zip",
                "url": "https://api.github.com/repos/voskobovich/ManyToManyBehavior/zipball/31734c25185a977b708afb441068a73bc804fea2",
                "reference": "31734c25185a977b708afb441068a73bc804fea2",
                "shasum": ""
            },
            "require": {
                "php": ">=5.4.0",
                "yiisoft/yii2": "*"
            },
            "require-dev": {
                "yiisoft/yii2-codeception": "~2.0"
            },
            "type": "yii2-behavior",
            "autoload": {
                "psr-4": {
                    "voskobovich\\behaviors\\": ""
                }
            },
            "notification-url": "https://packagist.org/downloads/",
            "license": [
                "MIT"
            ],
            "authors": [
                {
                    "name": "Vitaly Voskobovich",
                    "email": "vitaly@voskobovich.com",
                    "homepage": "http://voskobovich.com"
                }
            ],
            "description": "This behavior makes it easy to maintain relations many-to-many in the your ActiveRecord model.",
            "homepage": "https://github.com/voskobovich/ManyToManyBehavior",
            "keywords": [
                "Active Record",
                "Behavior",
                "many-to-many",
                "relation",
                "yii2"
            ],
            "time": "2015-07-19 12:00:34"
        },
        {
            "name": "yiisoft/yii2",
            "version": "dev-master",
            "source": {
                "type": "git",
                "url": "https://github.com/yiisoft/yii2-framework.git",
                "reference": "a972fbac76133feb1020a372aece4a1f2685dcd7"
            },
            "dist": {
                "type": "zip",
                "url": "https://api.github.com/repos/yiisoft/yii2-framework/zipball/a972fbac76133feb1020a372aece4a1f2685dcd7",
                "reference": "a972fbac76133feb1020a372aece4a1f2685dcd7",
                "shasum": ""
            },
            "require": {
                "bower-asset/jquery": "2.1.*@stable | 1.11.*@stable",
                "bower-asset/jquery.inputmask": "3.1.*",
                "bower-asset/punycode": "1.3.*",
                "bower-asset/yii2-pjax": ">=2.0.1",
                "cebe/markdown": "~1.0.0 | ~1.1.0",
                "ext-mbstring": "*",
                "ezyang/htmlpurifier": "4.6.*",
                "lib-pcre": "*",
                "php": ">=5.4.0",
                "yiisoft/yii2-composer": "*"
            },
            "bin": [
                "yii"
            ],
            "type": "library",
            "extra": {
                "branch-alias": {
                    "dev-master": "2.0.x-dev"
                }
            },
            "autoload": {
                "psr-4": {
                    "yii\\": ""
                }
            },
            "notification-url": "https://packagist.org/downloads/",
            "license": [
                "BSD-3-Clause"
            ],
            "authors": [
                {
                    "name": "Qiang Xue",
                    "email": "qiang.xue@gmail.com",
                    "homepage": "http://www.yiiframework.com/",
                    "role": "Founder and project lead"
                },
                {
                    "name": "Alexander Makarov",
                    "email": "sam@rmcreative.ru",
                    "homepage": "http://rmcreative.ru/",
                    "role": "Core framework development"
                },
                {
                    "name": "Maurizio Domba",
                    "homepage": "http://mdomba.info/",
                    "role": "Core framework development"
                },
                {
                    "name": "Carsten Brandt",
                    "email": "mail@cebe.cc",
                    "homepage": "http://cebe.cc/",
                    "role": "Core framework development"
                },
                {
                    "name": "Timur Ruziev",
                    "email": "resurtm@gmail.com",
                    "homepage": "http://resurtm.com/",
                    "role": "Core framework development"
                },
                {
                    "name": "Paul Klimov",
                    "email": "klimov.paul@gmail.com",
                    "role": "Core framework development"
                }
            ],
            "description": "Yii PHP Framework Version 2",
            "homepage": "http://www.yiiframework.com/",
            "keywords": [
                "framework",
                "yii2"
            ],
            "time": "2015-08-09 17:51:38"
        },
        {
            "name": "yiisoft/yii2-bootstrap",
            "version": "dev-master",
            "source": {
                "type": "git",
                "url": "https://github.com/yiisoft/yii2-bootstrap.git",
                "reference": "ad28c10c431e8a56b599a282fa417523961cb5b1"
            },
            "dist": {
                "type": "zip",
                "url": "https://api.github.com/repos/yiisoft/yii2-bootstrap/zipball/ad28c10c431e8a56b599a282fa417523961cb5b1",
                "reference": "ad28c10c431e8a56b599a282fa417523961cb5b1",
                "shasum": ""
            },
            "require": {
                "bower-asset/bootstrap": "3.3.* | 3.2.* | 3.1.*",
                "yiisoft/yii2": ">=2.0.x-dev"
            },
            "type": "yii2-extension",
            "extra": {
                "branch-alias": {
                    "dev-master": "2.0.x-dev"
                },
                "asset-installer-paths": {
                    "npm-asset-library": "vendor/npm",
                    "bower-asset-library": "vendor/bower"
                }
            },
            "autoload": {
                "psr-4": {
                    "yii\\bootstrap\\": ""
                }
            },
            "notification-url": "https://packagist.org/downloads/",
            "license": [
                "BSD-3-Clause"
            ],
            "authors": [
                {
                    "name": "Qiang Xue",
                    "email": "qiang.xue@gmail.com"
                }
            ],
            "description": "The Twitter Bootstrap extension for the Yii framework",
            "keywords": [
                "bootstrap",
                "yii2"
            ],
            "time": "2015-07-28 06:21:46"
        },
        {
            "name": "yiisoft/yii2-composer",
            "version": "dev-master",
            "source": {
                "type": "git",
                "url": "https://github.com/yiisoft/yii2-composer.git",
                "reference": "6b2a2b3bb83d4b3dd791f76e64c48973ce01bac6"
            },
            "dist": {
                "type": "zip",
                "url": "https://api.github.com/repos/yiisoft/yii2-composer/zipball/6b2a2b3bb83d4b3dd791f76e64c48973ce01bac6",
                "reference": "6b2a2b3bb83d4b3dd791f76e64c48973ce01bac6",
                "shasum": ""
            },
            "require": {
                "composer-plugin-api": "^1.0"
            },
            "type": "composer-plugin",
            "extra": {
                "class": "yii\\composer\\Plugin",
                "branch-alias": {
                    "dev-master": "2.0.x-dev"
                }
            },
            "autoload": {
                "psr-4": {
                    "yii\\composer\\": ""
                }
            },
            "notification-url": "https://packagist.org/downloads/",
            "license": [
                "BSD-3-Clause"
            ],
            "authors": [
                {
                    "name": "Qiang Xue",
                    "email": "qiang.xue@gmail.com"
                }
            ],
            "description": "The composer plugin for Yii extension installer",
            "keywords": [
                "composer",
                "extension installer",
                "yii2"
            ],
            "time": "2015-06-11 19:55:58"
        }
    ],
    "packages-dev": [],
    "aliases": [],
    "minimum-stability": "dev",
    "stability-flags": {
        "nullref/yii2-useful": 20,
        "nullref/yii2-sb-admin-2": 20,
        "nullref/yii2-core": 20
    },
    "prefer-stable": false,
    "prefer-lowest": false,
    "platform": {
        "php": ">=5.4.0"
    },
    "platform-dev": []
}
